
Microsoft Visual Studio Solution File, Format Version 12.00
# Visual Studio 2012
Project("{2150E333-8FDC-42A3-9474-1A3956D46DE8}") = "Build", "Build", "{38F69F8F-9303-4BAF-B081-D28339163E07}"
	ProjectSection(SolutionItems) = preProject
		..\build\build.bat = ..\build\build.bat
		..\build\NuGetPack.cmd = ..\build\NuGetPack.cmd
		..\NuGet\servicestack.redis.nuspec = ..\NuGet\servicestack.redis.nuspec
	EndProjectSection
EndProject
Project("{FAE04EC0-301F-11D3-BF4B-00C04F79EFBC}") = "ServiceStack.Redis", "ServiceStack.Redis\ServiceStack.Redis.csproj", "{AF99F19B-4C04-4F58-81EF-B092F1FCC540}"
EndProject
Project("{FAE04EC0-301F-11D3-BF4B-00C04F79EFBC}") = "ServiceStack.Redis.Tests", "..\tests\ServiceStack.Redis.Tests\ServiceStack.Redis.Tests.csproj", "{951D28EE-5D22-4C62-AC0F-1661A8CEEC5A}"
EndProject
Project("{FAE04EC0-301F-11D3-BF4B-00C04F79EFBC}") = "ServiceStack.Aws", "ServiceStack.Aws\ServiceStack.Aws.csproj", "{A53F1744-1566-4ED3-8A03-8DA19CE5931E}"
EndProject
Project("{2150E333-8FDC-42A3-9474-1A3956D46DE8}") = "Example", "Example", "{6481F250-9B85-4F8D-9F31-34112147F881}"
EndProject
Project("{FAE04EC0-301F-11D3-BF4B-00C04F79EFBC}") = "Example.Core", "Example\Core\Example.Core.csproj", "{8AB2FF55-30E7-48F8-B040-D3C43E8AD389}"
EndProject
Project("{FAE04EC0-301F-11D3-BF4B-00C04F79EFBC}") = "Example.Server", "Example\Server\Example.Server.csproj", "{DC2557D5-C4F7-4274-ADF9-5F40E81C58E6}"
EndProject
Project("{FAE04EC0-301F-11D3-BF4B-00C04F79EFBC}") = "Example.Client", "Example\Client\Example.Client.csproj", "{62D4FC45-FF0F-4FE7-92CA-4274226829C4}"
EndProject
Project("{FAE04EC0-301F-11D3-BF4B-00C04F79EFBC}") = "Example.Publisher", "Example\Publisher\Example.Publisher.csproj", "{F25B2CF8-454B-48AA-8986-0BE06D84BFF2}"
EndProject
Project("{FAE04EC0-301F-11D3-BF4B-00C04F79EFBC}") = "ServiceStack.Aws.Tests", "ServiceStack.Aws.Tests\ServiceStack.Aws.Tests.csproj", "{6106B42C-90E5-468A-ADC2-83AFE0F03EDB}"
EndProject
Global
	GlobalSection(SolutionConfigurationPlatforms) = preSolution
		Debug|Any CPU = Debug|Any CPU
		Debug|x86 = Debug|x86
		MonoTouch|Any CPU = MonoTouch|Any CPU
		MonoTouch|x86 = MonoTouch|x86
		Release|Any CPU = Release|Any CPU
		Release|x86 = Release|x86
		STATIC_ONLY NO_EXPRESSIONS|Any CPU = STATIC_ONLY NO_EXPRESSIONS|Any CPU
		STATIC_ONLY NO_EXPRESSIONS|x86 = STATIC_ONLY NO_EXPRESSIONS|x86
	EndGlobalSection
	GlobalSection(ProjectConfigurationPlatforms) = postSolution
		{AF99F19B-4C04-4F58-81EF-B092F1FCC540}.Debug|Any CPU.ActiveCfg = Debug|Any CPU
		{AF99F19B-4C04-4F58-81EF-B092F1FCC540}.Debug|Any CPU.Build.0 = Debug|Any CPU
		{AF99F19B-4C04-4F58-81EF-B092F1FCC540}.Debug|x86.ActiveCfg = Debug|x86
		{AF99F19B-4C04-4F58-81EF-B092F1FCC540}.Debug|x86.Build.0 = Debug|x86
		{AF99F19B-4C04-4F58-81EF-B092F1FCC540}.MonoTouch|Any CPU.ActiveCfg = MonoTouch|Any CPU
		{AF99F19B-4C04-4F58-81EF-B092F1FCC540}.MonoTouch|Any CPU.Build.0 = MonoTouch|Any CPU
		{AF99F19B-4C04-4F58-81EF-B092F1FCC540}.MonoTouch|x86.ActiveCfg = MonoTouch|x86
		{AF99F19B-4C04-4F58-81EF-B092F1FCC540}.MonoTouch|x86.Build.0 = MonoTouch|x86
		{AF99F19B-4C04-4F58-81EF-B092F1FCC540}.Release|Any CPU.ActiveCfg = Release|Any CPU
		{AF99F19B-4C04-4F58-81EF-B092F1FCC540}.Release|Any CPU.Build.0 = Release|Any CPU
		{AF99F19B-4C04-4F58-81EF-B092F1FCC540}.Release|x86.ActiveCfg = Release|x86
		{AF99F19B-4C04-4F58-81EF-B092F1FCC540}.Release|x86.Build.0 = Release|x86
		{AF99F19B-4C04-4F58-81EF-B092F1FCC540}.STATIC_ONLY NO_EXPRESSIONS|Any CPU.ActiveCfg = STATIC_ONLY NO_EXPRESSIONS|Any CPU
		{AF99F19B-4C04-4F58-81EF-B092F1FCC540}.STATIC_ONLY NO_EXPRESSIONS|Any CPU.Build.0 = STATIC_ONLY NO_EXPRESSIONS|Any CPU
		{AF99F19B-4C04-4F58-81EF-B092F1FCC540}.STATIC_ONLY NO_EXPRESSIONS|x86.ActiveCfg = STATIC_ONLY NO_EXPRESSIONS|x86
		{AF99F19B-4C04-4F58-81EF-B092F1FCC540}.STATIC_ONLY NO_EXPRESSIONS|x86.Build.0 = STATIC_ONLY NO_EXPRESSIONS|x86
		{951D28EE-5D22-4C62-AC0F-1661A8CEEC5A}.Debug|Any CPU.ActiveCfg = Debug|Any CPU
		{951D28EE-5D22-4C62-AC0F-1661A8CEEC5A}.Debug|Any CPU.Build.0 = Debug|Any CPU
		{951D28EE-5D22-4C62-AC0F-1661A8CEEC5A}.Debug|x86.ActiveCfg = Debug|x86
		{951D28EE-5D22-4C62-AC0F-1661A8CEEC5A}.Debug|x86.Build.0 = Debug|x86
		{951D28EE-5D22-4C62-AC0F-1661A8CEEC5A}.MonoTouch|Any CPU.ActiveCfg = MonoTouch|Any CPU
		{951D28EE-5D22-4C62-AC0F-1661A8CEEC5A}.MonoTouch|Any CPU.Build.0 = MonoTouch|Any CPU
		{951D28EE-5D22-4C62-AC0F-1661A8CEEC5A}.MonoTouch|x86.ActiveCfg = MonoTouch|x86
		{951D28EE-5D22-4C62-AC0F-1661A8CEEC5A}.MonoTouch|x86.Build.0 = MonoTouch|x86
		{951D28EE-5D22-4C62-AC0F-1661A8CEEC5A}.Release|Any CPU.ActiveCfg = Release|Any CPU
		{951D28EE-5D22-4C62-AC0F-1661A8CEEC5A}.Release|Any CPU.Build.0 = Release|Any CPU
		{951D28EE-5D22-4C62-AC0F-1661A8CEEC5A}.Release|x86.ActiveCfg = Release|x86
		{951D28EE-5D22-4C62-AC0F-1661A8CEEC5A}.Release|x86.Build.0 = Release|x86
		{951D28EE-5D22-4C62-AC0F-1661A8CEEC5A}.STATIC_ONLY NO_EXPRESSIONS|Any CPU.ActiveCfg = STATIC_ONLY NO_EXPRESSIONS|Any CPU
		{951D28EE-5D22-4C62-AC0F-1661A8CEEC5A}.STATIC_ONLY NO_EXPRESSIONS|Any CPU.Build.0 = STATIC_ONLY NO_EXPRESSIONS|Any CPU
		{951D28EE-5D22-4C62-AC0F-1661A8CEEC5A}.STATIC_ONLY NO_EXPRESSIONS|x86.ActiveCfg = STATIC_ONLY NO_EXPRESSIONS|x86
		{951D28EE-5D22-4C62-AC0F-1661A8CEEC5A}.STATIC_ONLY NO_EXPRESSIONS|x86.Build.0 = STATIC_ONLY NO_EXPRESSIONS|x86
		{A53F1744-1566-4ED3-8A03-8DA19CE5931E}.Debug|Any CPU.ActiveCfg = Debug|Any CPU
		{A53F1744-1566-4ED3-8A03-8DA19CE5931E}.Debug|Any CPU.Build.0 = Debug|Any CPU
		{A53F1744-1566-4ED3-8A03-8DA19CE5931E}.Debug|x86.ActiveCfg = Debug|Any CPU
		{A53F1744-1566-4ED3-8A03-8DA19CE5931E}.MonoTouch|Any CPU.ActiveCfg = Release|Any CPU
		{A53F1744-1566-4ED3-8A03-8DA19CE5931E}.MonoTouch|Any CPU.Build.0 = Release|Any CPU
		{A53F1744-1566-4ED3-8A03-8DA19CE5931E}.MonoTouch|x86.ActiveCfg = Release|Any CPU
		{A53F1744-1566-4ED3-8A03-8DA19CE5931E}.Release|Any CPU.ActiveCfg = Release|Any CPU
		{A53F1744-1566-4ED3-8A03-8DA19CE5931E}.Release|Any CPU.Build.0 = Release|Any CPU
		{A53F1744-1566-4ED3-8A03-8DA19CE5931E}.Release|x86.ActiveCfg = Release|Any CPU
		{A53F1744-1566-4ED3-8A03-8DA19CE5931E}.STATIC_ONLY NO_EXPRESSIONS|Any CPU.ActiveCfg = Release|Any CPU
		{A53F1744-1566-4ED3-8A03-8DA19CE5931E}.STATIC_ONLY NO_EXPRESSIONS|Any CPU.Build.0 = Release|Any CPU
		{A53F1744-1566-4ED3-8A03-8DA19CE5931E}.STATIC_ONLY NO_EXPRESSIONS|x86.ActiveCfg = Release|Any CPU
		{8AB2FF55-30E7-48F8-B040-D3C43E8AD389}.Debug|Any CPU.ActiveCfg = Debug|Any CPU
		{8AB2FF55-30E7-48F8-B040-D3C43E8AD389}.Debug|Any CPU.Build.0 = Debug|Any CPU
		{8AB2FF55-30E7-48F8-B040-D3C43E8AD389}.Debug|x86.ActiveCfg = Debug|Any CPU
		{8AB2FF55-30E7-48F8-B040-D3C43E8AD389}.MonoTouch|Any CPU.ActiveCfg = Release|Any CPU
		{8AB2FF55-30E7-48F8-B040-D3C43E8AD389}.MonoTouch|Any CPU.Build.0 = Release|Any CPU
		{8AB2FF55-30E7-48F8-B040-D3C43E8AD389}.MonoTouch|x86.ActiveCfg = Release|Any CPU
		{8AB2FF55-30E7-48F8-B040-D3C43E8AD389}.Release|Any CPU.ActiveCfg = Release|Any CPU
		{8AB2FF55-30E7-48F8-B040-D3C43E8AD389}.Release|Any CPU.Build.0 = Release|Any CPU
		{8AB2FF55-30E7-48F8-B040-D3C43E8AD389}.Release|x86.ActiveCfg = Release|Any CPU
		{8AB2FF55-30E7-48F8-B040-D3C43E8AD389}.STATIC_ONLY NO_EXPRESSIONS|Any CPU.ActiveCfg = Release|Any CPU
		{8AB2FF55-30E7-48F8-B040-D3C43E8AD389}.STATIC_ONLY NO_EXPRESSIONS|Any CPU.Build.0 = Release|Any CPU
		{8AB2FF55-30E7-48F8-B040-D3C43E8AD389}.STATIC_ONLY NO_EXPRESSIONS|x86.ActiveCfg = Release|Any CPU
		{DC2557D5-C4F7-4274-ADF9-5F40E81C58E6}.Debug|Any CPU.ActiveCfg = Debug|Any CPU
		{DC2557D5-C4F7-4274-ADF9-5F40E81C58E6}.Debug|Any CPU.Build.0 = Debug|Any CPU
		{DC2557D5-C4F7-4274-ADF9-5F40E81C58E6}.Debug|x86.ActiveCfg = Debug|Any CPU
		{DC2557D5-C4F7-4274-ADF9-5F40E81C58E6}.MonoTouch|Any CPU.ActiveCfg = Release|Any CPU
		{DC2557D5-C4F7-4274-ADF9-5F40E81C58E6}.MonoTouch|Any CPU.Build.0 = Release|Any CPU
		{DC2557D5-C4F7-4274-ADF9-5F40E81C58E6}.MonoTouch|x86.ActiveCfg = Release|Any CPU
		{DC2557D5-C4F7-4274-ADF9-5F40E81C58E6}.Release|Any CPU.ActiveCfg = Release|Any CPU
		{DC2557D5-C4F7-4274-ADF9-5F40E81C58E6}.Release|Any CPU.Build.0 = Release|Any CPU
		{DC2557D5-C4F7-4274-ADF9-5F40E81C58E6}.Release|x86.ActiveCfg = Release|Any CPU
		{DC2557D5-C4F7-4274-ADF9-5F40E81C58E6}.STATIC_ONLY NO_EXPRESSIONS|Any CPU.ActiveCfg = Release|Any CPU
		{DC2557D5-C4F7-4274-ADF9-5F40E81C58E6}.STATIC_ONLY NO_EXPRESSIONS|Any CPU.Build.0 = Release|Any CPU
		{DC2557D5-C4F7-4274-ADF9-5F40E81C58E6}.STATIC_ONLY NO_EXPRESSIONS|x86.ActiveCfg = Release|Any CPU
		{62D4FC45-FF0F-4FE7-92CA-4274226829C4}.Debug|Any CPU.ActiveCfg = Debug|Any CPU
		{62D4FC45-FF0F-4FE7-92CA-4274226829C4}.Debug|Any CPU.Build.0 = Debug|Any CPU
		{62D4FC45-FF0F-4FE7-92CA-4274226829C4}.Debug|x86.ActiveCfg = Debug|Any CPU
		{62D4FC45-FF0F-4FE7-92CA-4274226829C4}.MonoTouch|Any CPU.ActiveCfg = Release|Any CPU
		{62D4FC45-FF0F-4FE7-92CA-4274226829C4}.MonoTouch|Any CPU.Build.0 = Release|Any CPU
		{62D4FC45-FF0F-4FE7-92CA-4274226829C4}.MonoTouch|x86.ActiveCfg = Release|Any CPU
		{62D4FC45-FF0F-4FE7-92CA-4274226829C4}.Release|Any CPU.ActiveCfg = Release|Any CPU
		{62D4FC45-FF0F-4FE7-92CA-4274226829C4}.Release|Any CPU.Build.0 = Release|Any CPU
		{62D4FC45-FF0F-4FE7-92CA-4274226829C4}.Release|x86.ActiveCfg = Release|Any CPU
		{62D4FC45-FF0F-4FE7-92CA-4274226829C4}.STATIC_ONLY NO_EXPRESSIONS|Any CPU.ActiveCfg = Release|Any CPU
		{62D4FC45-FF0F-4FE7-92CA-4274226829C4}.STATIC_ONLY NO_EXPRESSIONS|Any CPU.Build.0 = Release|Any CPU
		{62D4FC45-FF0F-4FE7-92CA-4274226829C4}.STATIC_ONLY NO_EXPRESSIONS|x86.ActiveCfg = Release|Any CPU
		{F25B2CF8-454B-48AA-8986-0BE06D84BFF2}.Debug|Any CPU.ActiveCfg = Debug|Any CPU
		{F25B2CF8-454B-48AA-8986-0BE06D84BFF2}.Debug|Any CPU.Build.0 = Debug|Any CPU
		{F25B2CF8-454B-48AA-8986-0BE06D84BFF2}.Debug|x86.ActiveCfg = Debug|Any CPU
		{F25B2CF8-454B-48AA-8986-0BE06D84BFF2}.MonoTouch|Any CPU.ActiveCfg = Release|Any CPU
		{F25B2CF8-454B-48AA-8986-0BE06D84BFF2}.MonoTouch|Any CPU.Build.0 = Release|Any CPU
		{F25B2CF8-454B-48AA-8986-0BE06D84BFF2}.MonoTouch|x86.ActiveCfg = Release|Any CPU
		{F25B2CF8-454B-48AA-8986-0BE06D84BFF2}.Release|Any CPU.ActiveCfg = Release|Any CPU
		{F25B2CF8-454B-48AA-8986-0BE06D84BFF2}.Release|Any CPU.Build.0 = Release|Any CPU
		{F25B2CF8-454B-48AA-8986-0BE06D84BFF2}.Release|x86.ActiveCfg = Release|Any CPU
		{F25B2CF8-454B-48AA-8986-0BE06D84BFF2}.STATIC_ONLY NO_EXPRESSIONS|Any CPU.ActiveCfg = Release|Any CPU
		{F25B2CF8-454B-48AA-8986-0BE06D84BFF2}.STATIC_ONLY NO_EXPRESSIONS|Any CPU.Build.0 = Release|Any CPU
		{F25B2CF8-454B-48AA-8986-0BE06D84BFF2}.STATIC_ONLY NO_EXPRESSIONS|x86.ActiveCfg = Release|Any CPU
		{6106B42C-90E5-468A-ADC2-83AFE0F03EDB}.Debug|Any CPU.ActiveCfg = Debug|Any CPU
		{6106B42C-90E5-468A-ADC2-83AFE0F03EDB}.Debug|Any CPU.Build.0 = Debug|Any CPU
		{6106B42C-90E5-468A-ADC2-83AFE0F03EDB}.Debug|x86.ActiveCfg = Debug|Any CPU
		{6106B42C-90E5-468A-ADC2-83AFE0F03EDB}.MonoTouch|Any CPU.ActiveCfg = Release|Any CPU
		{6106B42C-90E5-468A-ADC2-83AFE0F03EDB}.MonoTouch|Any CPU.Build.0 = Release|Any CPU
		{6106B42C-90E5-468A-ADC2-83AFE0F03EDB}.MonoTouch|x86.ActiveCfg = Release|Any CPU
		{6106B42C-90E5-468A-ADC2-83AFE0F03EDB}.Release|Any CPU.ActiveCfg = Release|Any CPU
		{6106B42C-90E5-468A-ADC2-83AFE0F03EDB}.Release|Any CPU.Build.0 = Release|Any CPU
		{6106B42C-90E5-468A-ADC2-83AFE0F03EDB}.Release|x86.ActiveCfg = Release|Any CPU
		{6106B42C-90E5-468A-ADC2-83AFE0F03EDB}.STATIC_ONLY NO_EXPRESSIONS|Any CPU.ActiveCfg = Release|Any CPU
		{6106B42C-90E5-468A-ADC2-83AFE0F03EDB}.STATIC_ONLY NO_EXPRESSIONS|Any CPU.Build.0 = Release|Any CPU
		{6106B42C-90E5-468A-ADC2-83AFE0F03EDB}.STATIC_ONLY NO_EXPRESSIONS|x86.ActiveCfg = Release|Any CPU
	EndGlobalSection
	GlobalSection(SolutionProperties) = preSolution
		HideSolutionNode = FALSE
	EndGlobalSection
	GlobalSection(NestedProjects) = preSolution
		{8AB2FF55-30E7-48F8-B040-D3C43E8AD389} = {6481F250-9B85-4F8D-9F31-34112147F881}
		{DC2557D5-C4F7-4274-ADF9-5F40E81C58E6} = {6481F250-9B85-4F8D-9F31-34112147F881}
		{62D4FC45-FF0F-4FE7-92CA-4274226829C4} = {6481F250-9B85-4F8D-9F31-34112147F881}
		{F25B2CF8-454B-48AA-8986-0BE06D84BFF2} = {6481F250-9B85-4F8D-9F31-34112147F881}
	EndGlobalSection
	GlobalSection(Performance) = preSolution
		HasPerformanceSessions = true
	EndGlobalSection
EndGlobal
